{
  "version": 4,
  "terraform_version": "1.12.2",
  "serial": 5,
  "lineage": "a9945b36-076e-6e98-0fd0-0752f2cdeefa",
  "outputs": {},
  "resources": [
    {
      "mode": "managed",
      "type": "iosxe_interface_loopback",
      "name": "name",
      "provider": "provider[\"registry.terraform.io/ciscodevnet/iosxe\"]",
      "instances": [
        {
          "index_key": "1",
          "schema_version": 0,
          "attributes": {
            "arp_timeout": null,
            "delete_mode": null,
            "description": "Loopback Interface1",
            "device": null,
            "id": "Cisco-IOS-XE-native:native/interface/Loopback=1",
            "ip_access_group_in": null,
            "ip_access_group_in_enable": null,
            "ip_access_group_out": null,
            "ip_access_group_out_enable": null,
            "ip_proxy_arp": null,
            "ip_redirects": null,
            "ip_unreachables": null,
            "ipv4_address": "1.1.1.1",
            "ipv4_address_mask": "255.255.255.255",
            "ipv6_address_autoconfig_default": null,
            "ipv6_address_dhcp": null,
            "ipv6_addresses": null,
            "ipv6_enable": null,
            "ipv6_link_local_addresses": null,
            "ipv6_mtu": null,
            "ipv6_nd_ra_suppress_all": null,
            "name": 1,
            "shutdown": false,
            "vrf_forwarding": null
          },
          "sensitive_attributes": [],
          "identity_schema_version": 0,
          "private": "eyJpbXBvcnRpbmciOiJNQT09In0="
        },
        {
          "index_key": "2",
          "schema_version": 0,
          "attributes": {
            "arp_timeout": null,
            "delete_mode": null,
            "description": "Loopback Interface2",
            "device": null,
            "id": "Cisco-IOS-XE-native:native/interface/Loopback=2",
            "ip_access_group_in": null,
            "ip_access_group_in_enable": null,
            "ip_access_group_out": null,
            "ip_access_group_out_enable": null,
            "ip_proxy_arp": null,
            "ip_redirects": null,
            "ip_unreachables": null,
            "ipv4_address": "2.2.2.2",
            "ipv4_address_mask": "255.255.255.255",
            "ipv6_address_autoconfig_default": null,
            "ipv6_address_dhcp": null,
            "ipv6_addresses": null,
            "ipv6_enable": null,
            "ipv6_link_local_addresses": null,
            "ipv6_mtu": null,
            "ipv6_nd_ra_suppress_all": null,
            "name": 2,
            "shutdown": false,
            "vrf_forwarding": null
          },
          "sensitive_attributes": [],
          "identity_schema_version": 0,
          "private": "eyJpbXBvcnRpbmciOiJNQT09In0="
        },
        {
          "index_key": "3",
          "schema_version": 0,
          "attributes": {
            "arp_timeout": null,
            "delete_mode": null,
            "description": "Loopback Interface3",
            "device": null,
            "id": "Cisco-IOS-XE-native:native/interface/Loopback=3",
            "ip_access_group_in": null,
            "ip_access_group_in_enable": null,
            "ip_access_group_out": null,
            "ip_access_group_out_enable": null,
            "ip_proxy_arp": null,
            "ip_redirects": null,
            "ip_unreachables": null,
            "ipv4_address": "3.3.3.3",
            "ipv4_address_mask": "255.255.255.255",
            "ipv6_address_autoconfig_default": null,
            "ipv6_address_dhcp": null,
            "ipv6_addresses": null,
            "ipv6_enable": null,
            "ipv6_link_local_addresses": null,
            "ipv6_mtu": null,
            "ipv6_nd_ra_suppress_all": null,
            "name": 3,
            "shutdown": false,
            "vrf_forwarding": null
          },
          "sensitive_attributes": [],
          "identity_schema_version": 0,
          "private": "eyJpbXBvcnRpbmciOiJNQT09In0="
        }
      ]
    }
  ],
  "check_results": null
}
