{
  "version": 4,
  "terraform_version": "1.12.2",
  "serial": 10,
  "lineage": "1b71ac7f-7fd9-f5a6-2f2e-2a3b44b6329c",
  "outputs": {},
  "resources": [
    {
      "module": "module.loopback[\"R1\"]",
      "mode": "managed",
      "type": "iosxe_interface_loopback",
      "name": "loop",
      "provider": "provider[\"registry.terraform.io/ciscodevnet/iosxe\"]",
      "instances": [
        {
          "index_key": "11",
          "schema_version": 0,
          "attributes": {
            "arp_timeout": null,
            "delete_mode": null,
            "description": null,
            "device": "R1",
            "id": "Cisco-IOS-XE-native:native/interface/Loopback=11",
            "ip_access_group_in": null,
            "ip_access_group_in_enable": null,
            "ip_access_group_out": null,
            "ip_access_group_out_enable": null,
            "ip_proxy_arp": null,
            "ip_redirects": null,
            "ip_unreachables": null,
            "ipv4_address": "192.168.11.1",
            "ipv4_address_mask": "255.255.255.255",
            "ipv6_address_autoconfig_default": null,
            "ipv6_address_dhcp": null,
            "ipv6_addresses": null,
            "ipv6_enable": null,
            "ipv6_link_local_addresses": null,
            "ipv6_mtu": null,
            "ipv6_nd_ra_suppress_all": null,
            "name": 11,
            "shutdown": false,
            "vrf_forwarding": null
          },
          "sensitive_attributes": [],
          "identity_schema_version": 0,
          "private": "eyJpbXBvcnRpbmciOiJNQT09In0="
        },
        {
          "index_key": "12",
          "schema_version": 0,
          "attributes": {
            "arp_timeout": null,
            "delete_mode": null,
            "description": null,
            "device": "R1",
            "id": "Cisco-IOS-XE-native:native/interface/Loopback=12",
            "ip_access_group_in": null,
            "ip_access_group_in_enable": null,
            "ip_access_group_out": null,
            "ip_access_group_out_enable": null,
            "ip_proxy_arp": null,
            "ip_redirects": null,
            "ip_unreachables": null,
            "ipv4_address": "192.168.12.1",
            "ipv4_address_mask": "255.255.255.255",
            "ipv6_address_autoconfig_default": null,
            "ipv6_address_dhcp": null,
            "ipv6_addresses": null,
            "ipv6_enable": null,
            "ipv6_link_local_addresses": null,
            "ipv6_mtu": null,
            "ipv6_nd_ra_suppress_all": null,
            "name": 12,
            "shutdown": false,
            "vrf_forwarding": null
          },
          "sensitive_attributes": [],
          "identity_schema_version": 0,
          "private": "eyJpbXBvcnRpbmciOiJNQT09In0="
        },
        {
          "index_key": "13",
          "schema_version": 0,
          "attributes": {
            "arp_timeout": null,
            "delete_mode": null,
            "description": null,
            "device": "R1",
            "id": "Cisco-IOS-XE-native:native/interface/Loopback=13",
            "ip_access_group_in": null,
            "ip_access_group_in_enable": null,
            "ip_access_group_out": null,
            "ip_access_group_out_enable": null,
            "ip_proxy_arp": null,
            "ip_redirects": null,
            "ip_unreachables": null,
            "ipv4_address": "192.168.13.1",
            "ipv4_address_mask": "255.255.255.255",
            "ipv6_address_autoconfig_default": null,
            "ipv6_address_dhcp": null,
            "ipv6_addresses": null,
            "ipv6_enable": null,
            "ipv6_link_local_addresses": null,
            "ipv6_mtu": null,
            "ipv6_nd_ra_suppress_all": null,
            "name": 13,
            "shutdown": false,
            "vrf_forwarding": null
          },
          "sensitive_attributes": [],
          "identity_schema_version": 0,
          "private": "eyJpbXBvcnRpbmciOiJNQT09In0="
        }
      ]
    },
    {
      "module": "module.loopback[\"R2\"]",
      "mode": "managed",
      "type": "iosxe_interface_loopback",
      "name": "loop",
      "provider": "provider[\"registry.terraform.io/ciscodevnet/iosxe\"]",
      "instances": [
        {
          "index_key": "21",
          "schema_version": 0,
          "attributes": {
            "arp_timeout": null,
            "delete_mode": null,
            "description": null,
            "device": "R2",
            "id": "Cisco-IOS-XE-native:native/interface/Loopback=21",
            "ip_access_group_in": null,
            "ip_access_group_in_enable": null,
            "ip_access_group_out": null,
            "ip_access_group_out_enable": null,
            "ip_proxy_arp": null,
            "ip_redirects": null,
            "ip_unreachables": null,
            "ipv4_address": "192.168.21.1",
            "ipv4_address_mask": "255.255.255.255",
            "ipv6_address_autoconfig_default": null,
            "ipv6_address_dhcp": null,
            "ipv6_addresses": null,
            "ipv6_enable": null,
            "ipv6_link_local_addresses": null,
            "ipv6_mtu": null,
            "ipv6_nd_ra_suppress_all": null,
            "name": 21,
            "shutdown": false,
            "vrf_forwarding": null
          },
          "sensitive_attributes": [],
          "identity_schema_version": 0,
          "private": "eyJpbXBvcnRpbmciOiJNQT09In0="
        },
        {
          "index_key": "22",
          "schema_version": 0,
          "attributes": {
            "arp_timeout": null,
            "delete_mode": null,
            "description": null,
            "device": "R2",
            "id": "Cisco-IOS-XE-native:native/interface/Loopback=22",
            "ip_access_group_in": null,
            "ip_access_group_in_enable": null,
            "ip_access_group_out": null,
            "ip_access_group_out_enable": null,
            "ip_proxy_arp": null,
            "ip_redirects": null,
            "ip_unreachables": null,
            "ipv4_address": "192.168.22.1",
            "ipv4_address_mask": "255.255.255.255",
            "ipv6_address_autoconfig_default": null,
            "ipv6_address_dhcp": null,
            "ipv6_addresses": null,
            "ipv6_enable": null,
            "ipv6_link_local_addresses": null,
            "ipv6_mtu": null,
            "ipv6_nd_ra_suppress_all": null,
            "name": 22,
            "shutdown": false,
            "vrf_forwarding": null
          },
          "sensitive_attributes": [],
          "identity_schema_version": 0,
          "private": "eyJpbXBvcnRpbmciOiJNQT09In0="
        },
        {
          "index_key": "23",
          "schema_version": 0,
          "attributes": {
            "arp_timeout": null,
            "delete_mode": null,
            "description": null,
            "device": "R2",
            "id": "Cisco-IOS-XE-native:native/interface/Loopback=23",
            "ip_access_group_in": null,
            "ip_access_group_in_enable": null,
            "ip_access_group_out": null,
            "ip_access_group_out_enable": null,
            "ip_proxy_arp": null,
            "ip_redirects": null,
            "ip_unreachables": null,
            "ipv4_address": "192.168.23.1",
            "ipv4_address_mask": "255.255.255.255",
            "ipv6_address_autoconfig_default": null,
            "ipv6_address_dhcp": null,
            "ipv6_addresses": null,
            "ipv6_enable": null,
            "ipv6_link_local_addresses": null,
            "ipv6_mtu": null,
            "ipv6_nd_ra_suppress_all": null,
            "name": 23,
            "shutdown": false,
            "vrf_forwarding": null
          },
          "sensitive_attributes": [],
          "identity_schema_version": 0,
          "private": "eyJpbXBvcnRpbmciOiJNQT09In0="
        }
      ]
    },
    {
      "module": "module.loopback[\"R3\"]",
      "mode": "managed",
      "type": "iosxe_interface_loopback",
      "name": "loop",
      "provider": "provider[\"registry.terraform.io/ciscodevnet/iosxe\"]",
      "instances": [
        {
          "index_key": "31",
          "schema_version": 0,
          "attributes": {
            "arp_timeout": null,
            "delete_mode": null,
            "description": null,
            "device": "R3",
            "id": "Cisco-IOS-XE-native:native/interface/Loopback=31",
            "ip_access_group_in": null,
            "ip_access_group_in_enable": null,
            "ip_access_group_out": null,
            "ip_access_group_out_enable": null,
            "ip_proxy_arp": null,
            "ip_redirects": null,
            "ip_unreachables": null,
            "ipv4_address": "192.168.31.1",
            "ipv4_address_mask": "255.255.255.255",
            "ipv6_address_autoconfig_default": null,
            "ipv6_address_dhcp": null,
            "ipv6_addresses": null,
            "ipv6_enable": null,
            "ipv6_link_local_addresses": null,
            "ipv6_mtu": null,
            "ipv6_nd_ra_suppress_all": null,
            "name": 31,
            "shutdown": false,
            "vrf_forwarding": null
          },
          "sensitive_attributes": [],
          "identity_schema_version": 0,
          "private": "eyJpbXBvcnRpbmciOiJNQT09In0="
        },
        {
          "index_key": "32",
          "schema_version": 0,
          "attributes": {
            "arp_timeout": null,
            "delete_mode": null,
            "description": null,
            "device": "R3",
            "id": "Cisco-IOS-XE-native:native/interface/Loopback=32",
            "ip_access_group_in": null,
            "ip_access_group_in_enable": null,
            "ip_access_group_out": null,
            "ip_access_group_out_enable": null,
            "ip_proxy_arp": null,
            "ip_redirects": null,
            "ip_unreachables": null,
            "ipv4_address": "192.168.32.1",
            "ipv4_address_mask": "255.255.255.255",
            "ipv6_address_autoconfig_default": null,
            "ipv6_address_dhcp": null,
            "ipv6_addresses": null,
            "ipv6_enable": null,
            "ipv6_link_local_addresses": null,
            "ipv6_mtu": null,
            "ipv6_nd_ra_suppress_all": null,
            "name": 32,
            "shutdown": false,
            "vrf_forwarding": null
          },
          "sensitive_attributes": [],
          "identity_schema_version": 0,
          "private": "eyJpbXBvcnRpbmciOiJNQT09In0="
        },
        {
          "index_key": "33",
          "schema_version": 0,
          "attributes": {
            "arp_timeout": null,
            "delete_mode": null,
            "description": null,
            "device": "R3",
            "id": "Cisco-IOS-XE-native:native/interface/Loopback=33",
            "ip_access_group_in": null,
            "ip_access_group_in_enable": null,
            "ip_access_group_out": null,
            "ip_access_group_out_enable": null,
            "ip_proxy_arp": null,
            "ip_redirects": null,
            "ip_unreachables": null,
            "ipv4_address": "192.168.33.1",
            "ipv4_address_mask": "255.255.255.255",
            "ipv6_address_autoconfig_default": null,
            "ipv6_address_dhcp": null,
            "ipv6_addresses": null,
            "ipv6_enable": null,
            "ipv6_link_local_addresses": null,
            "ipv6_mtu": null,
            "ipv6_nd_ra_suppress_all": null,
            "name": 33,
            "shutdown": false,
            "vrf_forwarding": null
          },
          "sensitive_attributes": [],
          "identity_schema_version": 0,
          "private": "eyJpbXBvcnRpbmciOiJNQT09In0="
        }
      ]
    }
  ],
  "check_results": null
}
