{
  "version": 4,
  "terraform_version": "1.12.2",
  "serial": 8,
  "lineage": "87a0f0a8-89ed-9418-5117-ae60472eaf64",
  "outputs": {},
  "resources": [
    {
      "module": "module.router_loopbacks[\"R1\"]",
      "mode": "managed",
      "type": "iosxe_interface_loopback",
      "name": "loopback",
      "provider": "provider[\"registry.terraform.io/ciscodevnet/iosxe\"]",
      "instances": [
        {
          "schema_version": 0,
          "attributes": {
            "arp_timeout": null,
            "delete_mode": null,
            "description": null,
            "device": "R1",
            "id": "Cisco-IOS-XE-native:native/interface/Loopback=1",
            "ip_access_group_in": null,
            "ip_access_group_in_enable": null,
            "ip_access_group_out": null,
            "ip_access_group_out_enable": null,
            "ip_proxy_arp": null,
            "ip_redirects": null,
            "ip_unreachables": null,
            "ipv4_address": "192.168.100.1",
            "ipv4_address_mask": "255.255.255.255",
            "ipv6_address_autoconfig_default": null,
            "ipv6_address_dhcp": null,
            "ipv6_addresses": null,
            "ipv6_enable": null,
            "ipv6_link_local_addresses": null,
            "ipv6_mtu": null,
            "ipv6_nd_ra_suppress_all": null,
            "name": 1,
            "shutdown": false,
            "vrf_forwarding": null
          },
          "sensitive_attributes": [],
          "identity_schema_version": 0,
          "private": "eyJpbXBvcnRpbmciOiJNQT09In0="
        }
      ]
    },
    {
      "module": "module.router_loopbacks[\"R2\"]",
      "mode": "managed",
      "type": "iosxe_interface_loopback",
      "name": "loopback",
      "provider": "provider[\"registry.terraform.io/ciscodevnet/iosxe\"]",
      "instances": [
        {
          "schema_version": 0,
          "attributes": {
            "arp_timeout": null,
            "delete_mode": null,
            "description": null,
            "device": "R2",
            "id": "Cisco-IOS-XE-native:native/interface/Loopback=1",
            "ip_access_group_in": null,
            "ip_access_group_in_enable": null,
            "ip_access_group_out": null,
            "ip_access_group_out_enable": null,
            "ip_proxy_arp": null,
            "ip_redirects": null,
            "ip_unreachables": null,
            "ipv4_address": "192.168.101.1",
            "ipv4_address_mask": "255.255.255.255",
            "ipv6_address_autoconfig_default": null,
            "ipv6_address_dhcp": null,
            "ipv6_addresses": null,
            "ipv6_enable": null,
            "ipv6_link_local_addresses": null,
            "ipv6_mtu": null,
            "ipv6_nd_ra_suppress_all": null,
            "name": 1,
            "shutdown": false,
            "vrf_forwarding": null
          },
          "sensitive_attributes": [],
          "identity_schema_version": 0,
          "private": "eyJpbXBvcnRpbmciOiJNQT09In0="
        }
      ]
    },
    {
      "module": "module.router_loopbacks[\"R3\"]",
      "mode": "managed",
      "type": "iosxe_interface_loopback",
      "name": "loopback",
      "provider": "provider[\"registry.terraform.io/ciscodevnet/iosxe\"]",
      "instances": [
        {
          "schema_version": 0,
          "attributes": {
            "arp_timeout": null,
            "delete_mode": null,
            "description": null,
            "device": "R3",
            "id": "Cisco-IOS-XE-native:native/interface/Loopback=1",
            "ip_access_group_in": null,
            "ip_access_group_in_enable": null,
            "ip_access_group_out": null,
            "ip_access_group_out_enable": null,
            "ip_proxy_arp": null,
            "ip_redirects": null,
            "ip_unreachables": null,
            "ipv4_address": "192.168.102.1",
            "ipv4_address_mask": "255.255.255.255",
            "ipv6_address_autoconfig_default": null,
            "ipv6_address_dhcp": null,
            "ipv6_addresses": null,
            "ipv6_enable": null,
            "ipv6_link_local_addresses": null,
            "ipv6_mtu": null,
            "ipv6_nd_ra_suppress_all": null,
            "name": 1,
            "shutdown": false,
            "vrf_forwarding": null
          },
          "sensitive_attributes": [],
          "identity_schema_version": 0,
          "private": "eyJpbXBvcnRpbmciOiJNQT09In0="
        }
      ]
    }
  ],
  "check_results": null
}
