{
  "version": 4,
  "terraform_version": "1.12.2",
  "serial": 7,
  "lineage": "7ab9cc4d-32d3-8bfc-bb23-1cccc0b2809b",
  "outputs": {},
  "resources": [
    {
      "mode": "managed",
      "type": "iosxe_interface_ethernet",
      "name": "gig2",
      "provider": "provider[\"registry.terraform.io/ciscodevnet/iosxe\"]",
      "instances": [
        {
          "schema_version": 0,
          "attributes": {
            "arp_timeout": null,
            "authentication_host_mode": null,
            "authentication_order_dot1x": null,
            "authentication_order_dot1x_mab": null,
            "authentication_order_dot1x_webauth": null,
            "authentication_order_mab": null,
            "authentication_order_mab_dot1x": null,
            "authentication_order_mab_webauth": null,
            "authentication_order_webauth": null,
            "authentication_periodic": null,
            "authentication_port_control": null,
            "authentication_priority_dot1x": null,
            "authentication_priority_dot1x_mab": null,
            "authentication_priority_dot1x_webauth": null,
            "authentication_priority_mab": null,
            "authentication_priority_mab_dot1x": null,
            "authentication_priority_mab_webauth": null,
            "authentication_priority_webauth": null,
            "authentication_timer_reauthenticate": null,
            "authentication_timer_reauthenticate_server": null,
            "auto_qos_classify": null,
            "auto_qos_classify_police": null,
            "auto_qos_trust": null,
            "auto_qos_trust_cos": null,
            "auto_qos_trust_dscp": null,
            "auto_qos_video_cts": null,
            "auto_qos_video_ip_camera": null,
            "auto_qos_video_media_player": null,
            "auto_qos_voip": null,
            "auto_qos_voip_cisco_phone": null,
            "auto_qos_voip_cisco_softphone": null,
            "auto_qos_voip_trust": null,
            "bandwidth": null,
            "bfd_echo": null,
            "bfd_enable": null,
            "bfd_interval": null,
            "bfd_interval_min_rx": null,
            "bfd_interval_multiplier": null,
            "bfd_local_address": null,
            "bfd_template": null,
            "channel_group_mode": null,
            "channel_group_number": null,
            "description": null,
            "device": null,
            "dot1x_max_reauth_req": null,
            "dot1x_max_req": null,
            "dot1x_pae": null,
            "dot1x_timeout_auth_period": null,
            "dot1x_timeout_held_period": null,
            "dot1x_timeout_quiet_period": null,
            "dot1x_timeout_ratelimit_period": null,
            "dot1x_timeout_server_timeout": null,
            "dot1x_timeout_start_period": null,
            "dot1x_timeout_supp_timeout": null,
            "dot1x_timeout_tx_period": null,
            "encapsulation_dot1q_vlan_id": null,
            "helper_addresses": null,
            "id": "Cisco-IOS-XE-native:native/interface/GigabitEthernet=2",
            "ip_access_group_in": null,
            "ip_access_group_in_enable": null,
            "ip_access_group_out": null,
            "ip_access_group_out_enable": null,
            "ip_arp_inspection_limit_rate": null,
            "ip_arp_inspection_trust": null,
            "ip_dhcp_relay_source_interface": null,
            "ip_dhcp_snooping_trust": null,
            "ip_flow_monitors": null,
            "ip_proxy_arp": null,
            "ip_redirects": null,
            "ip_unreachables": null,
            "ipv4_address": "192.168.20.1",
            "ipv4_address_mask": "255.255.255.0",
            "ipv6_address_autoconfig_default": null,
            "ipv6_address_dhcp": null,
            "ipv6_addresses": null,
            "ipv6_enable": null,
            "ipv6_link_local_addresses": null,
            "ipv6_mtu": null,
            "ipv6_nd_ra_suppress_all": null,
            "load_interval": null,
            "logging_event_link_status_enable": null,
            "mab": null,
            "mab_eap": null,
            "media_type": null,
            "name": "2",
            "negotiation_auto": null,
            "service_policy_input": null,
            "service_policy_output": null,
            "shutdown": false,
            "snmp_trap_link_status": null,
            "source_template": null,
            "spanning_tree_guard": null,
            "spanning_tree_link_type": null,
            "spanning_tree_portfast_trunk": null,
            "speed_100": null,
            "speed_1000": null,
            "speed_10000": null,
            "speed_100000": null,
            "speed_2500": null,
            "speed_25000": null,
            "speed_40000": null,
            "speed_5000": null,
            "speed_nonegotiate": null,
            "switchport": null,
            "trust_device": null,
            "type": "GigabitEthernet",
            "unnumbered": null,
            "vrf_forwarding": null
          },
          "sensitive_attributes": [],
          "identity_schema_version": 0,
          "private": "eyJpbXBvcnRpbmciOiJNQT09In0="
        }
      ]
    },
    {
      "mode": "managed",
      "type": "iosxe_interface_ethernet",
      "name": "gig3",
      "provider": "provider[\"registry.terraform.io/ciscodevnet/iosxe\"]",
      "instances": [
        {
          "schema_version": 0,
          "attributes": {
            "arp_timeout": null,
            "authentication_host_mode": null,
            "authentication_order_dot1x": null,
            "authentication_order_dot1x_mab": null,
            "authentication_order_dot1x_webauth": null,
            "authentication_order_mab": null,
            "authentication_order_mab_dot1x": null,
            "authentication_order_mab_webauth": null,
            "authentication_order_webauth": null,
            "authentication_periodic": null,
            "authentication_port_control": null,
            "authentication_priority_dot1x": null,
            "authentication_priority_dot1x_mab": null,
            "authentication_priority_dot1x_webauth": null,
            "authentication_priority_mab": null,
            "authentication_priority_mab_dot1x": null,
            "authentication_priority_mab_webauth": null,
            "authentication_priority_webauth": null,
            "authentication_timer_reauthenticate": null,
            "authentication_timer_reauthenticate_server": null,
            "auto_qos_classify": null,
            "auto_qos_classify_police": null,
            "auto_qos_trust": null,
            "auto_qos_trust_cos": null,
            "auto_qos_trust_dscp": null,
            "auto_qos_video_cts": null,
            "auto_qos_video_ip_camera": null,
            "auto_qos_video_media_player": null,
            "auto_qos_voip": null,
            "auto_qos_voip_cisco_phone": null,
            "auto_qos_voip_cisco_softphone": null,
            "auto_qos_voip_trust": null,
            "bandwidth": null,
            "bfd_echo": null,
            "bfd_enable": null,
            "bfd_interval": null,
            "bfd_interval_min_rx": null,
            "bfd_interval_multiplier": null,
            "bfd_local_address": null,
            "bfd_template": null,
            "channel_group_mode": null,
            "channel_group_number": null,
            "description": null,
            "device": null,
            "dot1x_max_reauth_req": null,
            "dot1x_max_req": null,
            "dot1x_pae": null,
            "dot1x_timeout_auth_period": null,
            "dot1x_timeout_held_period": null,
            "dot1x_timeout_quiet_period": null,
            "dot1x_timeout_ratelimit_period": null,
            "dot1x_timeout_server_timeout": null,
            "dot1x_timeout_start_period": null,
            "dot1x_timeout_supp_timeout": null,
            "dot1x_timeout_tx_period": null,
            "encapsulation_dot1q_vlan_id": null,
            "helper_addresses": null,
            "id": "Cisco-IOS-XE-native:native/interface/GigabitEthernet=3",
            "ip_access_group_in": null,
            "ip_access_group_in_enable": null,
            "ip_access_group_out": null,
            "ip_access_group_out_enable": null,
            "ip_arp_inspection_limit_rate": null,
            "ip_arp_inspection_trust": null,
            "ip_dhcp_relay_source_interface": null,
            "ip_dhcp_snooping_trust": null,
            "ip_flow_monitors": null,
            "ip_proxy_arp": null,
            "ip_redirects": null,
            "ip_unreachables": null,
            "ipv4_address": "192.168.30.1",
            "ipv4_address_mask": "255.255.255.0",
            "ipv6_address_autoconfig_default": null,
            "ipv6_address_dhcp": null,
            "ipv6_addresses": null,
            "ipv6_enable": null,
            "ipv6_link_local_addresses": null,
            "ipv6_mtu": null,
            "ipv6_nd_ra_suppress_all": null,
            "load_interval": null,
            "logging_event_link_status_enable": null,
            "mab": null,
            "mab_eap": null,
            "media_type": null,
            "name": "3",
            "negotiation_auto": null,
            "service_policy_input": null,
            "service_policy_output": null,
            "shutdown": false,
            "snmp_trap_link_status": null,
            "source_template": null,
            "spanning_tree_guard": null,
            "spanning_tree_link_type": null,
            "spanning_tree_portfast_trunk": null,
            "speed_100": null,
            "speed_1000": null,
            "speed_10000": null,
            "speed_100000": null,
            "speed_2500": null,
            "speed_25000": null,
            "speed_40000": null,
            "speed_5000": null,
            "speed_nonegotiate": null,
            "switchport": null,
            "trust_device": null,
            "type": "GigabitEthernet",
            "unnumbered": null,
            "vrf_forwarding": null
          },
          "sensitive_attributes": [],
          "identity_schema_version": 0,
          "private": "eyJpbXBvcnRpbmciOiJNQT09In0="
        }
      ]
    }
  ],
  "check_results": null
}
